
Microsoft Visual Studio Solution File, Format Version 12.00
# Visual Studio Version 17
VisualStudioVersion = 17.1.32407.343
MinimumVisualStudioVersion = 10.0.40219.1
Project("{FAE04EC0-301F-11D3-BF4B-00C04F79EFBC}") = "Warehouses", "Warehouse\Warehouses.csproj", "{8A542CBD-921C-432E-BCB2-82E610AF43E9}"
EndProject
Global
	GlobalSection(SolutionConfigurationPlatforms) = preSolution
		Debug|Any CPU = Debug|Any CPU
		Release|Any CPU = Release|Any CPU
	EndGlobalSection
	GlobalSection(ProjectConfigurationPlatforms) = postSolution
		{8A542CBD-921C-432E-BCB2-82E610AF43E9}.Debug|Any CPU.ActiveCfg = Debug|Any CPU
		{8A542CBD-921C-432E-BCB2-82E610AF43E9}.Debug|Any CPU.Build.0 = Debug|Any CPU
		{8A542CBD-921C-432E-BCB2-82E610AF43E9}.Release|Any CPU.ActiveCfg = Release|Any CPU
		{8A542CBD-921C-432E-BCB2-82E610AF43E9}.Release|Any CPU.Build.0 = Release|Any CPU
	EndGlobalSection
	GlobalSection(SolutionProperties) = preSolution
		HideSolutionNode = FALSE
	EndGlobalSection
	GlobalSection(ExtensibilityGlobals) = postSolution
		SolutionGuid = {8D8B38EE-420A-411C-A1F2-772A7C7726F1}
	EndGlobalSection
EndGlobal
